
Microsoft Visual Studio Solution File, Format Version 12.00
# Visual Studio Version 17
VisualStudioVersion = 17.10.34916.146
MinimumVisualStudioVersion = 10.0.40219.1
Project("{FAE04EC0-301F-11D3-BF4B-00C04F79EFBC}") = "EgitimTakip.Web", "EgitimTakip.Web\EgitimTakip.Web.csproj", "{5B3F42CC-EBB6-4EEC-B7E4-50668058814B}"
EndProject
Project("{FAE04EC0-301F-11D3-BF4B-00C04F79EFBC}") = "EgitimTakip.Models", "EgitimTakip.Models\EgitimTakip.Models.csproj", "{5A6F003F-390B-40AA-B2C5-837418F61769}"
EndProject
Global
	GlobalSection(SolutionConfigurationPlatforms) = preSolution
		Debug|Any CPU = Debug|Any CPU
		Release|Any CPU = Release|Any CPU
	EndGlobalSection
	GlobalSection(ProjectConfigurationPlatforms) = postSolution
		{5B3F42CC-EBB6-4EEC-B7E4-50668058814B}.Debug|Any CPU.ActiveCfg = Debug|Any CPU
		{5B3F42CC-EBB6-4EEC-B7E4-50668058814B}.Debug|Any CPU.Build.0 = Debug|Any CPU
		{5B3F42CC-EBB6-4EEC-B7E4-50668058814B}.Release|Any CPU.ActiveCfg = Release|Any CPU
		{5B3F42CC-EBB6-4EEC-B7E4-50668058814B}.Release|Any CPU.Build.0 = Release|Any CPU
		{5A6F003F-390B-40AA-B2C5-837418F61769}.Debug|Any CPU.ActiveCfg = Debug|Any CPU
		{5A6F003F-390B-40AA-B2C5-837418F61769}.Debug|Any CPU.Build.0 = Debug|Any CPU
		{5A6F003F-390B-40AA-B2C5-837418F61769}.Release|Any CPU.ActiveCfg = Release|Any CPU
		{5A6F003F-390B-40AA-B2C5-837418F61769}.Release|Any CPU.Build.0 = Release|Any CPU
	EndGlobalSection
	GlobalSection(SolutionProperties) = preSolution
		HideSolutionNode = FALSE
	EndGlobalSection
	GlobalSection(ExtensibilityGlobals) = postSolution
		SolutionGuid = {CA0F71A2-0EE1-4464-811E-77FBF91E7C02}
	EndGlobalSection
EndGlobal
